{
    "_meta": {
        "hash": {
            "sha256": "bda2db4377152419392c0b3dc26b7ed420a35a4bef05ce2497ac97614373f294"
        },
        "pipfile-spec": 6,
        "requires": {},
        "sources": [
            {
                "name": "pypi",
                "url": "https://pypi.org/simple",
                "verify_ssl": true
            }
        ]
    },
    "default": {
        "cheroot": {
            "hashes": [
                "sha256:5b525b3e4a755adf78070ab54c1821fb860d4255a9317dba2b88eb2df2441cff",
                "sha256:5d73fff8f99e6a35325a22f61e6a942cb7d378ac9ce3621f08b560720dfe4a7f"
            ],
            "version": "==8.2.1"
        },
        "cherrypy": {
            "hashes": [
                "sha256:ae18309396d1c509929f6128f03959e514801eae1c37eb65bb15542d72ba2bd0",
                "sha256:e5be00304ca303d7791d14b5ce1436428e18939b91806250387c363ae56c8f8f"
            ],
            "index": "pypi",
            "version": "==18.4.0"
        },
        "jaraco.functools": {
            "hashes": [
                "sha256:35ba944f52b1a7beee8843a5aa6752d1d5b79893eeb7770ea98be6b637bf9345",
                "sha256:e9e377644cee5f6f9128b4dab1631fca74981236e95a255f80e4292bcd2b5284"
            ],
            "version": "==2.0"
        },
        "more-itertools": {
            "hashes": [
                "sha256:409cd48d4db7052af495b09dec721011634af3753ae1ef92d2b32f73a745f832",
                "sha256:92b8c4b06dac4f0611c0729b2f2ede52b2e1bac1ab48f089c7ddc12e26bb60c4"
            ],
            "version": "==7.2.0"
        },
        "pdfkit": {
            "hashes": [
                "sha256:05f1c631e8d9ab877886955da825e48b459e097886a21448ab17b34c60cfd66c",
                "sha256:6a866c9659e62a81abd72cdb32b400762d76085b964beb0b15106d573a539677",
                "sha256:ef1da35b78d534197e7ce4a604a4a190e9aa769e56634957535f3479a50d8cd1"
            ],
            "index": "pypi",
            "version": "==0.6.1"
        },
        "portend": {
            "hashes": [
                "sha256:600dd54175e17e9347e5f3d4217aa8bcf4bf4fa5ffbc4df034e5ec1ba7cdaff5",
                "sha256:62dd00b94a6a55fbf0320365fbdeba37f0d1fe14d613841037dc4780bedfda8f"
            ],
            "version": "==2.6"
        },
        "pytz": {
            "hashes": [
                "sha256:1c557d7d0e871de1f5ccd5833f60fb2550652da6be2693c1e02300743d21500d",
                "sha256:b02c06db6cf09c12dd25137e563b31700d3b80fcc4ad23abb7a315f2789819be"
            ],
            "version": "==2019.3"
        },
        "pywin32": {
            "hashes": [
                "sha256:300a2db938e98c3e7e2093e4491439e62287d0d493fe07cce110db070b54c0be",
                "sha256:31f88a89139cb2adc40f8f0e65ee56a8c585f629974f9e07622ba80199057511",
                "sha256:371fcc39416d736401f0274dd64c2302728c9e034808e37381b5e1b22be4a6b0",
                "sha256:47a3c7551376a865dd8d095a98deba954a98f326c6fe3c72d8726ca6e6b15507",
                "sha256:4cdad3e84191194ea6d0dd1b1b9bdda574ff563177d2adf2b4efec2a244fa116",
                "sha256:7c1ae32c489dc012930787f06244426f8356e129184a02c25aef163917ce158e",
                "sha256:7f18199fbf29ca99dff10e1f09451582ae9e372a892ff03a28528a24d55875bc",
                "sha256:9b31e009564fb95db160f154e2aa195ed66bcc4c058ed72850d047141b36f3a2",
                "sha256:a929a4af626e530383a579431b70e512e736e9588106715215bf685a3ea508d4",
                "sha256:c054c52ba46e7eb6b7d7dfae4dbd987a1bb48ee86debe3f245a2884ece46e295",
                "sha256:f27cec5e7f588c3d1051651830ecc00294f90728d19c3bf6916e6dba93ea357c",
                "sha256:f4c5be1a293bae0076d93c88f37ee8da68136744588bc5e2be2f299a34ceb7aa"
            ],
            "markers": "sys_platform == 'win32'",
            "version": "==227"
        },
        "six": {
            "hashes": [
                "sha256:1f1b7d42e254082a9db6279deae68afb421ceba6158efa6131de7b3003ee93fd",
                "sha256:30f610279e8b2578cab6db20741130331735c781b56053c59c4076da27f06b66"
            ],
            "version": "==1.13.0"
        },
        "tempora": {
            "hashes": [
                "sha256:cb60b1d2b1664104e307f8e5269d7f4acdb077c82e35cd57246ae14a3427d2d6",
                "sha256:d28a03d2f64ee81aec6e6bff374127ef306fe00c1b7e27c7ff1618344221a699"
            ],
            "version": "==1.14.1"
        },
        "zc.lockfile": {
            "hashes": [
                "sha256:307ad78227e48be260e64896ec8886edc7eae22d8ec53e4d528ab5537a83203b",
                "sha256:cc33599b549f0c8a248cb72f3bf32d77712de1ff7ee8814312eb6456b42c015f"
            ],
            "version": "==2.0"
        }
    },
    "develop": {}
}
